
Microsoft Visual Studio Solution File, Format Version 10.00
# Visual C++ Express 2008
Project("{8BC9CEB8-8B4A-11D0-8D11-00A0C91BC942}") = "PDC_Buffer", "PDC_Buffer\PDC_Buffer.vcproj", "{5185ACA8-CAB3-4FFA-9917-278D9D21AE4B}"
EndProject
Project("{8BC9CEB8-8B4A-11D0-8D11-00A0C91BC942}") = "PDC", "PDC\PDC.vcproj", "{2B3EF626-E63C-4D32-B73C-843B85F272E3}"
EndProject
Project("{8BC9CEB8-8B4A-11D0-8D11-00A0C91BC942}") = "pthread", "extern\Win32\pthreads.2\pthread.vcproj", "{39B7DC64-4E72-40AE-8215-9DC69188A3EE}"
EndProject
Project("{8BC9CEB8-8B4A-11D0-8D11-00A0C91BC942}") = "PDC_Transformation", "PDC_Transformation\PDC_Transformation.vcproj", "{E37F0C1B-8EBB-4DCB-9CAE-B86A51B41E5E}"
EndProject
Global
	GlobalSection(SolutionConfigurationPlatforms) = preSolution
		Debug|Win32 = Debug|Win32
		Release|Win32 = Release|Win32
	EndGlobalSection
	GlobalSection(ProjectConfigurationPlatforms) = postSolution
		{5185ACA8-CAB3-4FFA-9917-278D9D21AE4B}.Debug|Win32.ActiveCfg = Debug|Win32
		{5185ACA8-CAB3-4FFA-9917-278D9D21AE4B}.Debug|Win32.Build.0 = Debug|Win32
		{5185ACA8-CAB3-4FFA-9917-278D9D21AE4B}.Release|Win32.ActiveCfg = Release|Win32
		{5185ACA8-CAB3-4FFA-9917-278D9D21AE4B}.Release|Win32.Build.0 = Release|Win32
		{2B3EF626-E63C-4D32-B73C-843B85F272E3}.Debug|Win32.ActiveCfg = Debug|Win32
		{2B3EF626-E63C-4D32-B73C-843B85F272E3}.Debug|Win32.Build.0 = Debug|Win32
		{2B3EF626-E63C-4D32-B73C-843B85F272E3}.Release|Win32.ActiveCfg = Release|Win32
		{2B3EF626-E63C-4D32-B73C-843B85F272E3}.Release|Win32.Build.0 = Release|Win32
		{39B7DC64-4E72-40AE-8215-9DC69188A3EE}.Debug|Win32.ActiveCfg = Debug|Win32
		{39B7DC64-4E72-40AE-8215-9DC69188A3EE}.Debug|Win32.Build.0 = Debug|Win32
		{39B7DC64-4E72-40AE-8215-9DC69188A3EE}.Release|Win32.ActiveCfg = Release|Win32
		{39B7DC64-4E72-40AE-8215-9DC69188A3EE}.Release|Win32.Build.0 = Release|Win32
		{E37F0C1B-8EBB-4DCB-9CAE-B86A51B41E5E}.Debug|Win32.ActiveCfg = Debug|Win32
		{E37F0C1B-8EBB-4DCB-9CAE-B86A51B41E5E}.Debug|Win32.Build.0 = Debug|Win32
		{E37F0C1B-8EBB-4DCB-9CAE-B86A51B41E5E}.Release|Win32.ActiveCfg = Release|Win32
		{E37F0C1B-8EBB-4DCB-9CAE-B86A51B41E5E}.Release|Win32.Build.0 = Release|Win32
	EndGlobalSection
	GlobalSection(SolutionProperties) = preSolution
		HideSolutionNode = FALSE
	EndGlobalSection
EndGlobal
